// !$*UTF8*$!
{
	archiveVersion = 1;
	classes = {
	};
	objectVersion = 55;
	objects = {

/* Begin PBXBuildFile section */
		82C39FAB2BADF6E700A73195 /* App_sumaApp.swift in Sources */ = {isa = PBXBuildFile; fileRef = 82C39FAA2BADF6E700A73195 /* App_sumaApp.swift */; };
		82C39FAD2BADF6E700A73195 /* ContentView.swift in Sources */ = {isa = PBXBuildFile; fileRef = 82C39FAC2BADF6E700A73195 /* ContentView.swift */; };
		82C39FAF2BADF6EA00A73195 /* Assets.xcassets in Resources */ = {isa = PBXBuildFile; fileRef = 82C39FAE2BADF6EA00A73195 /* Assets.xcassets */; };
		82C39FB22BADF6EA00A73195 /* Preview Assets.xcassets in Resources */ = {isa = PBXBuildFile; fileRef = 82C39FB12BADF6EA00A73195 /* Preview Assets.xcassets */; };
		82C39FBC2BADF6EA00A73195 /* App_sumaTests.swift in Sources */ = {isa = PBXBuildFile; fileRef = 82C39FBB2BADF6EA00A73195 /* App_sumaTests.swift */; };
		82C39FC62BADF6EB00A73195 /* App_sumaUITests.swift in Sources */ = {isa = PBXBuildFile; fileRef = 82C39FC52BADF6EB00A73195 /* App_sumaUITests.swift */; };
		82C39FC82BADF6EB00A73195 /* App_sumaUITestsLaunchTests.swift in Sources */ = {isa = PBXBuildFile; fileRef = 82C39FC72BADF6EB00A73195 /* App_sumaUITestsLaunchTests.swift */; };
/* End PBXBuildFile section */

/* Begin PBXContainerItemProxy section */
		82C39FB82BADF6EA00A73195 /* PBXContainerItemProxy */ = {
			isa = PBXContainerItemProxy;
			containerPortal = 82C39F9F2BADF6E700A73195 /* Project object */;
			proxyType = 1;
			remoteGlobalIDString = 82C39FA62BADF6E700A73195;
			remoteInfo = "App suma";
		};
		82C39FC22BADF6EB00A73195 /* PBXContainerItemProxy */ = {
			isa = PBXContainerItemProxy;
			containerPortal = 82C39F9F2BADF6E700A73195 /* Project object */;
			proxyType = 1;
			remoteGlobalIDString = 82C39FA62BADF6E700A73195;
			remoteInfo = "App suma";
		};
/* End PBXContainerItemProxy section */

/* Begin PBXFileReference section */
		82C39FA72BADF6E700A73195 /* App suma.app */ = {isa = PBXFileReference; explicitFileType = wrapper.application; includeInIndex = 0; path = "App suma.app"; sourceTree = BUILT_PRODUCTS_DIR; };
		82C39FAA2BADF6E700A73195 /* App_sumaApp.swift */ = {isa = PBXFileReference; lastKnownFileType = sourcecode.swift; path = App_sumaApp.swift; sourceTree = "<group>"; };
		82C39FAC2BADF6E700A73195 /* ContentView.swift */ = {isa = PBXFileReference; lastKnownFileType = sourcecode.swift; path = ContentView.swift; sourceTree = "<group>"; };
		82C39FAE2BADF6EA00A73195 /* Assets.xcassets */ = {isa = PBXFileReference; lastKnownFileType = folder.assetcatalog; path = Assets.xcassets; sourceTree = "<group>"; };
		82C39FB12BADF6EA00A73195 /* Preview Assets.xcassets */ = {isa = PBXFileReference; lastKnownFileType = folder.assetcatalog; path = "Preview Assets.xcassets"; sourceTree = "<group>"; };
		82C39FB72BADF6EA00A73195 /* App sumaTests.xctest */ = {isa = PBXFileReference; explicitFileType = wrapper.cfbundle; includeInIndex = 0; path = "App sumaTests.xctest"; sourceTree = BUILT_PRODUCTS_DIR; };
		82C39FBB2BADF6EA00A73195 /* App_sumaTests.swift */ = {isa = PBXFileReference; lastKnownFileType = sourcecode.swift; path = App_sumaTests.swift; sourceTree = "<group>"; };
		82C39FC12BADF6EB00A73195 /* App sumaUITests.xctest */ = {isa = PBXFileReference; explicitFileType = wrapper.cfbundle; includeInIndex = 0; path = "App sumaUITests.xctest"; sourceTree = BUILT_PRODUCTS_DIR; };
		82C39FC52BADF6EB00A73195 /* App_sumaUITests.swift */ = {isa = PBXFileReference; lastKnownFileType = sourcecode.swift; path = App_sumaUITests.swift; sourceTree = "<group>"; };
		82C39FC72BADF6EB00A73195 /* App_sumaUITestsLaunchTests.swift */ = {isa = PBXFileReference; lastKnownFileType = sourcecode.swift; path = App_sumaUITestsLaunchTests.swift; sourceTree = "<group>"; };
/* End PBXFileReference section */

/* Begin PBXFrameworksBuildPhase section */
		82C39FA42BADF6E700A73195 /* Frameworks */ = {
			isa = PBXFrameworksBuildPhase;
			buildActionMask = 2147483647;
			files = (
			);
			runOnlyForDeploymentPostprocessing = 0;
		};
		82C39FB42BADF6EA00A73195 /* Frameworks */ = {
			isa = PBXFrameworksBuildPhase;
			buildActionMask = 2147483647;
			files = (
			);
			runOnlyForDeploymentPostprocessing = 0;
		};
		82C39FBE2BADF6EB00A73195 /* Frameworks */ = {
			isa = PBXFrameworksBuildPhase;
			buildActionMask = 2147483647;
			files = (
			);
			runOnlyForDeploymentPostprocessing = 0;
		};
/* End PBXFrameworksBuildPhase section */

/* Begin PBXGroup section */
		82C39F9E2BADF6E700A73195 = {
			isa = PBXGroup;
			children = (
				82C39FA92BADF6E700A73195 /* App suma */,
				82C39FBA2BADF6EA00A73195 /* App sumaTests */,
				82C39FC42BADF6EB00A73195 /* App sumaUITests */,
				82C39FA82BADF6E700A73195 /* Products */,
			);
			sourceTree = "<group>";
		};
		82C39FA82BADF6E700A73195 /* Products */ = {
			isa = PBXGroup;
			children = (
				82C39FA72BADF6E700A73195 /* App suma.app */,
				82C39FB72BADF6EA00A73195 /* App sumaTests.xctest */,
				82C39FC12BADF6EB00A73195 /* App sumaUITests.xctest */,
			);
			name = Products;
			sourceTree = "<group>";
		};
		82C39FA92BADF6E700A73195 /* App suma */ = {
			isa = PBXGroup;
			children = (
				82C39FAA2BADF6E700A73195 /* App_sumaApp.swift */,
				82C39FAC2BADF6E700A73195 /* ContentView.swift */,
				82C39FAE2BADF6EA00A73195 /* Assets.xcassets */,
				82C39FB02BADF6EA00A73195 /* Preview Content */,
			);
			path = "App suma";
			sourceTree = "<group>";
		};
		82C39FB02BADF6EA00A73195 /* Preview Content */ = {
			isa = PBXGroup;
			children = (
				82C39FB12BADF6EA00A73195 /* Preview Assets.xcassets */,
			);
			path = "Preview Content";
			sourceTree = "<group>";
		};
		82C39FBA2BADF6EA00A73195 /* App sumaTests */ = {
			isa = PBXGroup;
			children = (
				82C39FBB2BADF6EA00A73195 /* App_sumaTests.swift */,
			);
			path = "App sumaTests";
			sourceTree = "<group>";
		};
		82C39FC42BADF6EB00A73195 /* App sumaUITests */ = {
			isa = PBXGroup;
			children = (
				82C39FC52BADF6EB00A73195 /* App_sumaUITests.swift */,
				82C39FC72BADF6EB00A73195 /* App_sumaUITestsLaunchTests.swift */,
			);
			path = "App sumaUITests";
			sourceTree = "<group>";
		};
/* End PBXGroup section */

/* Begin PBXNativeTarget section */
		82C39FA62BADF6E700A73195 /* App suma */ = {
			isa = PBXNativeTarget;
			buildConfigurationList = 82C39FCB2BADF6EB00A73195 /* Build configuration list for PBXNativeTarget "App suma" */;
			buildPhases = (
				82C39FA32BADF6E700A73195 /* Sources */,
				82C39FA42BADF6E700A73195 /* Frameworks */,
				82C39FA52BADF6E700A73195 /* Resources */,
			);
			buildRules = (
			);
			dependencies = (
			);
			name = "App suma";
			productName = "App suma";
			productReference = 82C39FA72BADF6E700A73195 /* App suma.app */;
			productType = "com.apple.product-type.application";
		};
		82C39FB62BADF6EA00A73195 /* App sumaTests */ = {
			isa = PBXNativeTarget;
			buildConfigurationList = 82C39FCE2BADF6EB00A73195 /* Build configuration list for PBXNativeTarget "App sumaTests" */;
			buildPhases = (
				82C39FB32BADF6EA00A73195 /* Sources */,
				82C39FB42BADF6EA00A73195 /* Frameworks */,
				82C39FB52BADF6EA00A73195 /* Resources */,
			);
			buildRules = (
			);
			dependencies = (
				82C39FB92BADF6EA00A73195 /* PBXTargetDependency */,
			);
			name = "App sumaTests";
			productName = "App sumaTests";
			productReference = 82C39FB72BADF6EA00A73195 /* App sumaTests.xctest */;
			productType = "com.apple.product-type.bundle.unit-test";
		};
		82C39FC02BADF6EB00A73195 /* App sumaUITests */ = {
			isa = PBXNativeTarget;
			buildConfigurationList = 82C39FD12BADF6EB00A73195 /* Build configuration list for PBXNativeTarget "App sumaUITests" */;
			buildPhases = (
				82C39FBD2BADF6EB00A73195 /* Sources */,
				82C39FBE2BADF6EB00A73195 /* Frameworks */,
				82C39FBF2BADF6EB00A73195 /* Resources */,
			);
			buildRules = (
			);
			dependencies = (
				82C39FC32BADF6EB00A73195 /* PBXTargetDependency */,
			);
			name = "App sumaUITests";
			productName = "App sumaUITests";
			productReference = 82C39FC12BADF6EB00A73195 /* App sumaUITests.xctest */;
			productType = "com.apple.product-type.bundle.ui-testing";
		};
/* End PBXNativeTarget section */

/* Begin PBXProject section */
		82C39F9F2BADF6E700A73195 /* Project object */ = {
			isa = PBXProject;
			attributes = {
				BuildIndependentTargetsInParallel = 1;
				LastSwiftUpdateCheck = 1340;
				LastUpgradeCheck = 1340;
				TargetAttributes = {
					82C39FA62BADF6E700A73195 = {
						CreatedOnToolsVersion = 13.4;
					};
					82C39FB62BADF6EA00A73195 = {
						CreatedOnToolsVersion = 13.4;
						TestTargetID = 82C39FA62BADF6E700A73195;
					};
					82C39FC02BADF6EB00A73195 = {
						CreatedOnToolsVersion = 13.4;
						TestTargetID = 82C39FA62BADF6E700A73195;
					};
				};
			};
			buildConfigurationList = 82C39FA22BADF6E700A73195 /* Build configuration list for PBXProject "App suma" */;
			compatibilityVersion = "Xcode 13.0";
			developmentRegion = en;
			hasScannedForEncodings = 0;
			knownRegions = (
				en,
				Base,
			);
			mainGroup = 82C39F9E2BADF6E700A73195;
			productRefGroup = 82C39FA82BADF6E700A73195 /* Products */;
			projectDirPath = "";
			projectRoot = "";
			targets = (
				82C39FA62BADF6E700A73195 /* App suma */,
				82C39FB62BADF6EA00A73195 /* App sumaTests */,
				82C39FC02BADF6EB00A73195 /* App sumaUITests */,
			);
		};
/* End PBXProject section */

/* Begin PBXResourcesBuildPhase section */
		82C39FA52BADF6E700A73195 /* Resources */ = {
			isa = PBXResourcesBuildPhase;
			buildActionMask = 2147483647;
			files = (
				82C39FB22BADF6EA00A73195 /* Preview Assets.xcassets in Resources */,
				82C39FAF2BADF6EA00A73195 /* Assets.xcassets in Resources */,
			);
			runOnlyForDeploymentPostprocessing = 0;
		};
		82C39FB52BADF6EA00A73195 /* Resources */ = {
			isa = PBXResourcesBuildPhase;
			buildActionMask = 2147483647;
			files = (
			);
			runOnlyForDeploymentPostprocessing = 0;
		};
		82C39FBF2BADF6EB00A73195 /* Resources */ = {
			isa = PBXResourcesBuildPhase;
			buildActionMask = 2147483647;
			files = (
			);
			runOnlyForDeploymentPostprocessing = 0;
		};
/* End PBXResourcesBuildPhase section */

/* Begin PBXSourcesBuildPhase section */
		82C39FA32BADF6E700A73195 /* Sources */ = {
			isa = PBXSourcesBuildPhase;
			buildActionMask = 2147483647;
			files = (
				82C39FAD2BADF6E700A73195 /* ContentView.swift in Sources */,
				82C39FAB2BADF6E700A73195 /* App_sumaApp.swift in Sources */,
			);
			runOnlyForDeploymentPostprocessing = 0;
		};
		82C39FB32BADF6EA00A73195 /* Sources */ = {
			isa = PBXSourcesBuildPhase;
			buildActionMask = 2147483647;
			files = (
				82C39FBC2BADF6EA00A73195 /* App_sumaTests.swift in Sources */,
			);
			runOnlyForDeploymentPostprocessing = 0;
		};
		82C39FBD2BADF6EB00A73195 /* Sources */ = {
			isa = PBXSourcesBuildPhase;
			buildActionMask = 2147483647;
			files = (
				82C39FC82BADF6EB00A73195 /* App_sumaUITestsLaunchTests.swift in Sources */,
				82C39FC62BADF6EB00A73195 /* App_sumaUITests.swift in Sources */,
			);
			runOnlyForDeploymentPostprocessing = 0;
		};
/* End PBXSourcesBuildPhase section */

/* Begin PBXTargetDependency section */
		82C39FB92BADF6EA00A73195 /* PBXTargetDependency */ = {
			isa = PBXTargetDependency;
			target = 82C39FA62BADF6E700A73195 /* App suma */;
			targetProxy = 82C39FB82BADF6EA00A73195 /* PBXContainerItemProxy */;
		};
		82C39FC32BADF6EB00A73195 /* PBXTargetDependency */ = {
			isa = PBXTargetDependency;
			target = 82C39FA62BADF6E700A73195 /* App suma */;
			targetProxy = 82C39FC22BADF6EB00A73195 /* PBXContainerItemProxy */;
		};
/* End PBXTargetDependency section */

/* Begin XCBuildConfiguration section */
		82C39FC92BADF6EB00A73195 /* Debug */ = {
			isa = XCBuildConfiguration;
			buildSettings = {
				ALWAYS_SEARCH_USER_PATHS = NO;
				CLANG_ANALYZER_NONNULL = YES;
				CLANG_ANALYZER_NUMBER_OBJECT_CONVERSION = YES_AGGRESSIVE;
				CLANG_CXX_LANGUAGE_STANDARD = "gnu++17";
				CLANG_ENABLE_MODULES = YES;
				CLANG_ENABLE_OBJC_ARC = YES;
				CLANG_ENABLE_OBJC_WEAK = YES;
				CLANG_WARN_BLOCK_CAPTURE_AUTORELEASING = YES;
				CLANG_WARN_BOOL_CONVERSION = YES;
				CLANG_WARN_COMMA = YES;
				CLANG_WARN_CONSTANT_CONVERSION = YES;
				CLANG_WARN_DEPRECATED_OBJC_IMPLEMENTATIONS = YES;
				CLANG_WARN_DIRECT_OBJC_ISA_USAGE = YES_ERROR;
				CLANG_WARN_DOCUMENTATION_COMMENTS = YES;
				CLANG_WARN_EMPTY_BODY = YES;
				CLANG_WARN_ENUM_CONVERSION = YES;
				CLANG_WARN_INFINITE_RECURSION = YES;
				CLANG_WARN_INT_CONVERSION = YES;
				CLANG_WARN_NON_LITERAL_NULL_CONVERSION = YES;
				CLANG_WARN_OBJC_IMPLICIT_RETAIN_SELF = YES;
				CLANG_WARN_OBJC_LITERAL_CONVERSION = YES;
				CLANG_WARN_OBJC_ROOT_CLASS = YES_ERROR;
				CLANG_WARN_QUOTED_INCLUDE_IN_FRAMEWORK_HEADER = YES;
				CLANG_WARN_RANGE_LOOP_ANALYSIS = YES;
				CLANG_WARN_STRICT_PROTOTYPES = YES;
				CLANG_WARN_SUSPICIOUS_MOVE = YES;
				CLANG_WARN_UNGUARDED_AVAILABILITY = YES_AGGRESSIVE;
				CLANG_WARN_UNREACHABLE_CODE = YES;
				CLANG_WARN__DUPLICATE_METHOD_MATCH = YES;
				COPY_PHASE_STRIP = NO;
				DEBUG_INFORMATION_FORMAT = dwarf;
				ENABLE_STRICT_OBJC_MSGSEND = YES;
				ENABLE_TESTABILITY = YES;
				GCC_C_LANGUAGE_STANDARD = gnu11;
				GCC_DYNAMIC_NO_PIC = NO;
				GCC_NO_COMMON_BLOCKS = YES;
				GCC_OPTIMIZATION_LEVEL = 0;
				GCC_PREPROCESSOR_DEFINITIONS = (
					"DEBUG=1",
					"$(inherited)",
				);
				GCC_WARN_64_TO_32_BIT_CONVERSION = YES;
				GCC_WARN_ABOUT_RETURN_TYPE = YES_ERROR;
				GCC_WARN_UNDECLARED_SELECTOR = YES;
				GCC_WARN_UNINITIALIZED_AUTOS = YES_AGGRESSIVE;
				GCC_WARN_UNUSED_FUNCTION = YES;
				GCC_WARN_UNUSED_VARIABLE = YES;
				IPHONEOS_DEPLOYMENT_TARGET = 15.5;
				MTL_ENABLE_DEBUG_INFO = INCLUDE_SOURCE;
				MTL_FAST_MATH = YES;
				ONLY_ACTIVE_ARCH = YES;
				SDKROOT = iphoneos;
				SWIFT_ACTIVE_COMPILATION_CONDITIONS = DEBUG;
				SWIFT_OPTIMIZATION_LEVEL = "-Onone";
			};
			name = Debug;
		};
		82C39FCA2BADF6EB00A73195 /* Release */ = {
			isa = XCBuildConfiguration;
			buildSettings = {
				ALWAYS_SEARCH_USER_PATHS = NO;
				CLANG_ANALYZER_NONNULL = YES;
				CLANG_ANALYZER_NUMBER_OBJECT_CONVERSION = YES_AGGRESSIVE;
				CLANG_CXX_LANGUAGE_STANDARD = "gnu++17";
				CLANG_ENABLE_MODULES = YES;
				CLANG_ENABLE_OBJC_ARC = YES;
				CLANG_ENABLE_OBJC_WEAK = YES;
				CLANG_WARN_BLOCK_CAPTURE_AUTORELEASING = YES;
				CLANG_WARN_BOOL_CONVERSION = YES;
				CLANG_WARN_COMMA = YES;
				CLANG_WARN_CONSTANT_CONVERSION = YES;
				CLANG_WARN_DEPRECATED_OBJC_IMPLEMENTATIONS = YES;
				CLANG_WARN_DIRECT_OBJC_ISA_USAGE = YES_ERROR;
				CLANG_WARN_DOCUMENTATION_COMMENTS = YES;
				CLANG_WARN_EMPTY_BODY = YES;
				CLANG_WARN_ENUM_CONVERSION = YES;
				CLANG_WARN_INFINITE_RECURSION = YES;
				CLANG_WARN_INT_CONVERSION = YES;
				CLANG_WARN_NON_LITERAL_NULL_CONVERSION = YES;
				CLANG_WARN_OBJC_IMPLICIT_RETAIN_SELF = YES;
				CLANG_WARN_OBJC_LITERAL_CONVERSION = YES;
				CLANG_WARN_OBJC_ROOT_CLASS = YES_ERROR;
				CLANG_WARN_QUOTED_INCLUDE_IN_FRAMEWORK_HEADER = YES;
				CLANG_WARN_RANGE_LOOP_ANALYSIS = YES;
				CLANG_WARN_STRICT_PROTOTYPES = YES;
				CLANG_WARN_SUSPICIOUS_MOVE = YES;
				CLANG_WARN_UNGUARDED_AVAILABILITY = YES_AGGRESSIVE;
				CLANG_WARN_UNREACHABLE_CODE = YES;
				CLANG_WARN__DUPLICATE_METHOD_MATCH = YES;
				COPY_PHASE_STRIP = NO;
				DEBUG_INFORMATION_FORMAT = "dwarf-with-dsym";
				ENABLE_NS_ASSERTIONS = NO;
				ENABLE_STRICT_OBJC_MSGSEND = YES;
				GCC_C_LANGUAGE_STANDARD = gnu11;
				GCC_NO_COMMON_BLOCKS = YES;
				GCC_WARN_64_TO_32_BIT_CONVERSION = YES;
				GCC_WARN_ABOUT_RETURN_TYPE = YES_ERROR;
				GCC_WARN_UNDECLARED_SELECTOR = YES;
				GCC_WARN_UNINITIALIZED_AUTOS = YES_AGGRESSIVE;
				GCC_WARN_UNUSED_FUNCTION = YES;
				GCC_WARN_UNUSED_VARIABLE = YES;
				IPHONEOS_DEPLOYMENT_TARGET = 15.5;
				MTL_ENABLE_DEBUG_INFO = NO;
				MTL_FAST_MATH = YES;
				SDKROOT = iphoneos;
				SWIFT_COMPILATION_MODE = wholemodule;
				SWIFT_OPTIMIZATION_LEVEL = "-O";
				VALIDATE_PRODUCT = YES;
			};
			name = Release;
		};
		82C39FCC2BADF6EB00A73195 /* Debug */ = {
			isa = XCBuildConfiguration;
			buildSettings = {
				ASSETCATALOG_COMPILER_APPICON_NAME = AppIcon;
				ASSETCATALOG_COMPILER_GLOBAL_ACCENT_COLOR_NAME = AccentColor;
				CODE_SIGN_STYLE = Automatic;
				CURRENT_PROJECT_VERSION = 1;
				DEVELOPMENT_ASSET_PATHS = "\"App suma/Preview Content\"";
				DEVELOPMENT_TEAM = CZU5UZ77MX;
				ENABLE_PREVIEWS = YES;
				GENERATE_INFOPLIST_FILE = YES;
				INFOPLIST_KEY_UIApplicationSceneManifest_Generation = YES;
				INFOPLIST_KEY_UIApplicationSupportsIndirectInputEvents = YES;
				INFOPLIST_KEY_UILaunchScreen_Generation = YES;
				INFOPLIST_KEY_UISupportedInterfaceOrientations_iPad = "UIInterfaceOrientationPortrait UIInterfaceOrientationPortraitUpsideDown UIInterfaceOrientationLandscapeLeft UIInterfaceOrientationLandscapeRight";
				INFOPLIST_KEY_UISupportedInterfaceOrientations_iPhone = "UIInterfaceOrientationPortrait UIInterfaceOrientationLandscapeLeft UIInterfaceOrientationLandscapeRight";
				LD_RUNPATH_SEARCH_PATHS = (
					"$(inherited)",
					"@executable_path/Frameworks",
				);
				MARKETING_VERSION = 1.0;
				PRODUCT_BUNDLE_IDENTIFIER = "pepe.App-suma";
				PRODUCT_NAME = "$(TARGET_NAME)";
				SWIFT_EMIT_LOC_STRINGS = YES;
				SWIFT_VERSION = 5.0;
				TARGETED_DEVICE_FAMILY = "1,2";
			};
			name = Debug;
		};
		82C39FCD2BADF6EB00A73195 /* Release */ = {
			isa = XCBuildConfiguration;
			buildSettings = {
				ASSETCATALOG_COMPILER_APPICON_NAME = AppIcon;
				ASSETCATALOG_COMPILER_GLOBAL_ACCENT_COLOR_NAME = AccentColor;
				CODE_SIGN_STYLE = Automatic;
				CURRENT_PROJECT_VERSION = 1;
				DEVELOPMENT_ASSET_PATHS = "\"App suma/Preview Content\"";
				DEVELOPMENT_TEAM = CZU5UZ77MX;
				ENABLE_PREVIEWS = YES;
				GENERATE_INFOPLIST_FILE = YES;
				INFOPLIST_KEY_UIApplicationSceneManifest_Generation = YES;
				INFOPLIST_KEY_UIApplicationSupportsIndirectInputEvents = YES;
				INFOPLIST_KEY_UILaunchScreen_Generation = YES;
				INFOPLIST_KEY_UISupportedInterfaceOrientations_iPad = "UIInterfaceOrientationPortrait UIInterfaceOrientationPortraitUpsideDown UIInterfaceOrientationLandscapeLeft UIInterfaceOrientationLandscapeRight";
				INFOPLIST_KEY_UISupportedInterfaceOrientations_iPhone = "UIInterfaceOrientationPortrait UIInterfaceOrientationLandscapeLeft UIInterfaceOrientationLandscapeRight";
				LD_RUNPATH_SEARCH_PATHS = (
					"$(inherited)",
					"@executable_path/Frameworks",
				);
				MARKETING_VERSION = 1.0;
				PRODUCT_BUNDLE_IDENTIFIER = "pepe.App-suma";
				PRODUCT_NAME = "$(TARGET_NAME)";
				SWIFT_EMIT_LOC_STRINGS = YES;
				SWIFT_VERSION = 5.0;
				TARGETED_DEVICE_FAMILY = "1,2";
			};
			name = Release;
		};
		82C39FCF2BADF6EB00A73195 /* Debug */ = {
			isa = XCBuildConfiguration;
			buildSettings = {
				ALWAYS_EMBED_SWIFT_STANDARD_LIBRARIES = YES;
				BUNDLE_LOADER = "$(TEST_HOST)";
				CODE_SIGN_STYLE = Automatic;
				CURRENT_PROJECT_VERSION = 1;
				DEVELOPMENT_TEAM = CZU5UZ77MX;
				GENERATE_INFOPLIST_FILE = YES;
				IPHONEOS_DEPLOYMENT_TARGET = 15.5;
				MARKETING_VERSION = 1.0;
				PRODUCT_BUNDLE_IDENTIFIER = "pepe.App-sumaTests";
				PRODUCT_NAME = "$(TARGET_NAME)";
				SWIFT_EMIT_LOC_STRINGS = NO;
				SWIFT_VERSION = 5.0;
				TARGETED_DEVICE_FAMILY = "1,2";
				TEST_HOST = "$(BUILT_PRODUCTS_DIR)/App suma.app/App suma";
			};
			name = Debug;
		};
		82C39FD02BADF6EB00A73195 /* Release */ = {
			isa = XCBuildConfiguration;
			buildSettings = {
				ALWAYS_EMBED_SWIFT_STANDARD_LIBRARIES = YES;
				BUNDLE_LOADER = "$(TEST_HOST)";
				CODE_SIGN_STYLE = Automatic;
				CURRENT_PROJECT_VERSION = 1;
				DEVELOPMENT_TEAM = CZU5UZ77MX;
				GENERATE_INFOPLIST_FILE = YES;
				IPHONEOS_DEPLOYMENT_TARGET = 15.5;
				MARKETING_VERSION = 1.0;
				PRODUCT_BUNDLE_IDENTIFIER = "pepe.App-sumaTests";
				PRODUCT_NAME = "$(TARGET_NAME)";
				SWIFT_EMIT_LOC_STRINGS = NO;
				SWIFT_VERSION = 5.0;
				TARGETED_DEVICE_FAMILY = "1,2";
				TEST_HOST = "$(BUILT_PRODUCTS_DIR)/App suma.app/App suma";
			};
			name = Release;
		};
		82C39FD22BADF6EB00A73195 /* Debug */ = {
			isa = XCBuildConfiguration;
			buildSettings = {
				ALWAYS_EMBED_SWIFT_STANDARD_LIBRARIES = YES;
				CODE_SIGN_STYLE = Automatic;
				CURRENT_PROJECT_VERSION = 1;
				DEVELOPMENT_TEAM = CZU5UZ77MX;
				GENERATE_INFOPLIST_FILE = YES;
				MARKETING_VERSION = 1.0;
				PRODUCT_BUNDLE_IDENTIFIER = "pepe.App-sumaUITests";
				PRODUCT_NAME = "$(TARGET_NAME)";
				SWIFT_EMIT_LOC_STRINGS = NO;
				SWIFT_VERSION = 5.0;
				TARGETED_DEVICE_FAMILY = "1,2";
				TEST_TARGET_NAME = "App suma";
			};
			name = Debug;
		};
		82C39FD32BADF6EB00A73195 /* Release */ = {
			isa = XCBuildConfiguration;
			buildSettings = {
				ALWAYS_EMBED_SWIFT_STANDARD_LIBRARIES = YES;
				CODE_SIGN_STYLE = Automatic;
				CURRENT_PROJECT_VERSION = 1;
				DEVELOPMENT_TEAM = CZU5UZ77MX;
				GENERATE_INFOPLIST_FILE = YES;
				MARKETING_VERSION = 1.0;
				PRODUCT_BUNDLE_IDENTIFIER = "pepe.App-sumaUITests";
				PRODUCT_NAME = "$(TARGET_NAME)";
				SWIFT_EMIT_LOC_STRINGS = NO;
				SWIFT_VERSION = 5.0;
				TARGETED_DEVICE_FAMILY = "1,2";
				TEST_TARGET_NAME = "App suma";
			};
			name = Release;
		};
/* End XCBuildConfiguration section */

/* Begin XCConfigurationList section */
		82C39FA22BADF6E700A73195 /* Build configuration list for PBXProject "App suma" */ = {
			isa = XCConfigurationList;
			buildConfigurations = (
				82C39FC92BADF6EB00A73195 /* Debug */,
				82C39FCA2BADF6EB00A73195 /* Release */,
			);
			defaultConfigurationIsVisible = 0;
			defaultConfigurationName = Release;
		};
		82C39FCB2BADF6EB00A73195 /* Build configuration list for PBXNativeTarget "App suma" */ = {
			isa = XCConfigurationList;
			buildConfigurations = (
				82C39FCC2BADF6EB00A73195 /* Debug */,
				82C39FCD2BADF6EB00A73195 /* Release */,
			);
			defaultConfigurationIsVisible = 0;
			defaultConfigurationName = Release;
		};
		82C39FCE2BADF6EB00A73195 /* Build configuration list for PBXNativeTarget "App sumaTests" */ = {
			isa = XCConfigurationList;
			buildConfigurations = (
				82C39FCF2BADF6EB00A73195 /* Debug */,
				82C39FD02BADF6EB00A73195 /* Release */,
			);
			defaultConfigurationIsVisible = 0;
			defaultConfigurationName = Release;
		};
		82C39FD12BADF6EB00A73195 /* Build configuration list for PBXNativeTarget "App sumaUITests" */ = {
			isa = XCConfigurationList;
			buildConfigurations = (
				82C39FD22BADF6EB00A73195 /* Debug */,
				82C39FD32BADF6EB00A73195 /* Release */,
			);
			defaultConfigurationIsVisible = 0;
			defaultConfigurationName = Release;
		};
/* End XCConfigurationList section */
	};
	rootObject = 82C39F9F2BADF6E700A73195 /* Project object */;
}
